
Microsoft Visual Studio Solution File, Format Version 12.00
# Visual Studio Version 16
VisualStudioVersion = 16.6.30114.105
MinimumVisualStudioVersion = 10.0.40219.1
Project("{FAE04EC0-301F-11D3-BF4B-00C04F79EFBC}") = "API", "API\API.csproj", "{A8D65685-25BA-4F7E-BFD6-3EB8D3CD2A5C}"
EndProject
Project("{FAE04EC0-301F-11D3-BF4B-00C04F79EFBC}") = "Application", "Application\Application.csproj", "{BB9FB57E-F829-423C-A22A-4A8421A75E65}"
EndProject
Project("{FAE04EC0-301F-11D3-BF4B-00C04F79EFBC}") = "Domain", "Domain\Domain.csproj", "{79E40A4E-0FC4-4AC6-B062-83F706CBE1C5}"
EndProject
Project("{FAE04EC0-301F-11D3-BF4B-00C04F79EFBC}") = "Persistence", "Persistence\Persistence.csproj", "{3B50D5F3-976F-4DB9-AD1B-DD1F52373B71}"
EndProject
Global
	GlobalSection(SolutionConfigurationPlatforms) = preSolution
		Debug|Any CPU = Debug|Any CPU
		Debug|x64 = Debug|x64
		Debug|x86 = Debug|x86
		Release|Any CPU = Release|Any CPU
		Release|x64 = Release|x64
		Release|x86 = Release|x86
	EndGlobalSection
	GlobalSection(SolutionProperties) = preSolution
		HideSolutionNode = FALSE
	EndGlobalSection
	GlobalSection(ProjectConfigurationPlatforms) = postSolution
		{A8D65685-25BA-4F7E-BFD6-3EB8D3CD2A5C}.Debug|Any CPU.ActiveCfg = Debug|Any CPU
		{A8D65685-25BA-4F7E-BFD6-3EB8D3CD2A5C}.Debug|Any CPU.Build.0 = Debug|Any CPU
		{A8D65685-25BA-4F7E-BFD6-3EB8D3CD2A5C}.Debug|x64.ActiveCfg = Debug|Any CPU
		{A8D65685-25BA-4F7E-BFD6-3EB8D3CD2A5C}.Debug|x64.Build.0 = Debug|Any CPU
		{A8D65685-25BA-4F7E-BFD6-3EB8D3CD2A5C}.Debug|x86.ActiveCfg = Debug|Any CPU
		{A8D65685-25BA-4F7E-BFD6-3EB8D3CD2A5C}.Debug|x86.Build.0 = Debug|Any CPU
		{A8D65685-25BA-4F7E-BFD6-3EB8D3CD2A5C}.Release|Any CPU.ActiveCfg = Release|Any CPU
		{A8D65685-25BA-4F7E-BFD6-3EB8D3CD2A5C}.Release|Any CPU.Build.0 = Release|Any CPU
		{A8D65685-25BA-4F7E-BFD6-3EB8D3CD2A5C}.Release|x64.ActiveCfg = Release|Any CPU
		{A8D65685-25BA-4F7E-BFD6-3EB8D3CD2A5C}.Release|x64.Build.0 = Release|Any CPU
		{A8D65685-25BA-4F7E-BFD6-3EB8D3CD2A5C}.Release|x86.ActiveCfg = Release|Any CPU
		{A8D65685-25BA-4F7E-BFD6-3EB8D3CD2A5C}.Release|x86.Build.0 = Release|Any CPU
		{BB9FB57E-F829-423C-A22A-4A8421A75E65}.Debug|Any CPU.ActiveCfg = Debug|Any CPU
		{BB9FB57E-F829-423C-A22A-4A8421A75E65}.Debug|Any CPU.Build.0 = Debug|Any CPU
		{BB9FB57E-F829-423C-A22A-4A8421A75E65}.Debug|x64.ActiveCfg = Debug|Any CPU
		{BB9FB57E-F829-423C-A22A-4A8421A75E65}.Debug|x64.Build.0 = Debug|Any CPU
		{BB9FB57E-F829-423C-A22A-4A8421A75E65}.Debug|x86.ActiveCfg = Debug|Any CPU
		{BB9FB57E-F829-423C-A22A-4A8421A75E65}.Debug|x86.Build.0 = Debug|Any CPU
		{BB9FB57E-F829-423C-A22A-4A8421A75E65}.Release|Any CPU.ActiveCfg = Release|Any CPU
		{BB9FB57E-F829-423C-A22A-4A8421A75E65}.Release|Any CPU.Build.0 = Release|Any CPU
		{BB9FB57E-F829-423C-A22A-4A8421A75E65}.Release|x64.ActiveCfg = Release|Any CPU
		{BB9FB57E-F829-423C-A22A-4A8421A75E65}.Release|x64.Build.0 = Release|Any CPU
		{BB9FB57E-F829-423C-A22A-4A8421A75E65}.Release|x86.ActiveCfg = Release|Any CPU
		{BB9FB57E-F829-423C-A22A-4A8421A75E65}.Release|x86.Build.0 = Release|Any CPU
		{79E40A4E-0FC4-4AC6-B062-83F706CBE1C5}.Debug|Any CPU.ActiveCfg = Debug|Any CPU
		{79E40A4E-0FC4-4AC6-B062-83F706CBE1C5}.Debug|Any CPU.Build.0 = Debug|Any CPU
		{79E40A4E-0FC4-4AC6-B062-83F706CBE1C5}.Debug|x64.ActiveCfg = Debug|Any CPU
		{79E40A4E-0FC4-4AC6-B062-83F706CBE1C5}.Debug|x64.Build.0 = Debug|Any CPU
		{79E40A4E-0FC4-4AC6-B062-83F706CBE1C5}.Debug|x86.ActiveCfg = Debug|Any CPU
		{79E40A4E-0FC4-4AC6-B062-83F706CBE1C5}.Debug|x86.Build.0 = Debug|Any CPU
		{79E40A4E-0FC4-4AC6-B062-83F706CBE1C5}.Release|Any CPU.ActiveCfg = Release|Any CPU
		{79E40A4E-0FC4-4AC6-B062-83F706CBE1C5}.Release|Any CPU.Build.0 = Release|Any CPU
		{79E40A4E-0FC4-4AC6-B062-83F706CBE1C5}.Release|x64.ActiveCfg = Release|Any CPU
		{79E40A4E-0FC4-4AC6-B062-83F706CBE1C5}.Release|x64.Build.0 = Release|Any CPU
		{79E40A4E-0FC4-4AC6-B062-83F706CBE1C5}.Release|x86.ActiveCfg = Release|Any CPU
		{79E40A4E-0FC4-4AC6-B062-83F706CBE1C5}.Release|x86.Build.0 = Release|Any CPU
		{3B50D5F3-976F-4DB9-AD1B-DD1F52373B71}.Debug|Any CPU.ActiveCfg = Debug|Any CPU
		{3B50D5F3-976F-4DB9-AD1B-DD1F52373B71}.Debug|Any CPU.Build.0 = Debug|Any CPU
		{3B50D5F3-976F-4DB9-AD1B-DD1F52373B71}.Debug|x64.ActiveCfg = Debug|Any CPU
		{3B50D5F3-976F-4DB9-AD1B-DD1F52373B71}.Debug|x64.Build.0 = Debug|Any CPU
		{3B50D5F3-976F-4DB9-AD1B-DD1F52373B71}.Debug|x86.ActiveCfg = Debug|Any CPU
		{3B50D5F3-976F-4DB9-AD1B-DD1F52373B71}.Debug|x86.Build.0 = Debug|Any CPU
		{3B50D5F3-976F-4DB9-AD1B-DD1F52373B71}.Release|Any CPU.ActiveCfg = Release|Any CPU
		{3B50D5F3-976F-4DB9-AD1B-DD1F52373B71}.Release|Any CPU.Build.0 = Release|Any CPU
		{3B50D5F3-976F-4DB9-AD1B-DD1F52373B71}.Release|x64.ActiveCfg = Release|Any CPU
		{3B50D5F3-976F-4DB9-AD1B-DD1F52373B71}.Release|x64.Build.0 = Release|Any CPU
		{3B50D5F3-976F-4DB9-AD1B-DD1F52373B71}.Release|x86.ActiveCfg = Release|Any CPU
		{3B50D5F3-976F-4DB9-AD1B-DD1F52373B71}.Release|x86.Build.0 = Release|Any CPU
	EndGlobalSection
EndGlobal
